
Microsoft Visual Studio Solution File, Format Version 12.00
# Visual Studio 14
VisualStudioVersion = 14.0.23107.0
MinimumVisualStudioVersion = 10.0.40219.1
Project("{FAE04EC0-301F-11D3-BF4B-00C04F79EFBC}") = "HighFive.WebAPI", "HighFive.WebAPI\HighFive.WebAPI.csproj", "{6D0F0977-8F96-4DB7-876F-B383773A45B4}"
EndProject
Project("{FAE04EC0-301F-11D3-BF4B-00C04F79EFBC}") = "HighFive.WebAPI.Tests", "HighFive.WebAPI.Tests\HighFive.WebAPI.Tests.csproj", "{3D91EA04-0433-41DF-B529-13382208AEFC}"
EndProject
Global
	GlobalSection(SolutionConfigurationPlatforms) = preSolution
		Debug|Any CPU = Debug|Any CPU
		Release|Any CPU = Release|Any CPU
	EndGlobalSection
	GlobalSection(ProjectConfigurationPlatforms) = postSolution
		{6D0F0977-8F96-4DB7-876F-B383773A45B4}.Debug|Any CPU.ActiveCfg = Debug|Any CPU
		{6D0F0977-8F96-4DB7-876F-B383773A45B4}.Debug|Any CPU.Build.0 = Debug|Any CPU
		{6D0F0977-8F96-4DB7-876F-B383773A45B4}.Release|Any CPU.ActiveCfg = Release|Any CPU
		{6D0F0977-8F96-4DB7-876F-B383773A45B4}.Release|Any CPU.Build.0 = Release|Any CPU
		{3D91EA04-0433-41DF-B529-13382208AEFC}.Debug|Any CPU.ActiveCfg = Debug|Any CPU
		{3D91EA04-0433-41DF-B529-13382208AEFC}.Debug|Any CPU.Build.0 = Debug|Any CPU
		{3D91EA04-0433-41DF-B529-13382208AEFC}.Release|Any CPU.ActiveCfg = Release|Any CPU
		{3D91EA04-0433-41DF-B529-13382208AEFC}.Release|Any CPU.Build.0 = Release|Any CPU
	EndGlobalSection
	GlobalSection(SolutionProperties) = preSolution
		HideSolutionNode = FALSE
	EndGlobalSection
EndGlobal
